
Microsoft Visual Studio Solution File, Format Version 12.00
# Visual Studio 15
VisualStudioVersion = 15.0.28307.271
MinimumVisualStudioVersion = 10.0.40219.1
Project("{9A19103F-16F7-4668-BE54-9A1E7A4F7556}") = "ValidatePalindrome", "ValidatePalindrome\ValidatePalindrome.csproj", "{DE1006B3-E077-4BA9-BCA1-198AC21D78A0}"
EndProject
Project("{9A19103F-16F7-4668-BE54-9A1E7A4F7556}") = "DetectCapital", "DetectCapital\DetectCapital.csproj", "{61AACF36-ACB6-4A2A-800E-93C24C61E19A}"
EndProject
Project("{FAE04EC0-301F-11D3-BF4B-00C04F79EFBC}") = "ReverseArray", "ReverseArray\ReverseArray.csproj", "{C3CD11A1-58C7-40C1-81AF-781D8BF29E16}"
EndProject
Global
	GlobalSection(SolutionConfigurationPlatforms) = preSolution
		Debug|Any CPU = Debug|Any CPU
		Release|Any CPU = Release|Any CPU
	EndGlobalSection
	GlobalSection(ProjectConfigurationPlatforms) = postSolution
		{DE1006B3-E077-4BA9-BCA1-198AC21D78A0}.Debug|Any CPU.ActiveCfg = Debug|Any CPU
		{DE1006B3-E077-4BA9-BCA1-198AC21D78A0}.Debug|Any CPU.Build.0 = Debug|Any CPU
		{DE1006B3-E077-4BA9-BCA1-198AC21D78A0}.Release|Any CPU.ActiveCfg = Release|Any CPU
		{DE1006B3-E077-4BA9-BCA1-198AC21D78A0}.Release|Any CPU.Build.0 = Release|Any CPU
		{61AACF36-ACB6-4A2A-800E-93C24C61E19A}.Debug|Any CPU.ActiveCfg = Debug|Any CPU
		{61AACF36-ACB6-4A2A-800E-93C24C61E19A}.Debug|Any CPU.Build.0 = Debug|Any CPU
		{61AACF36-ACB6-4A2A-800E-93C24C61E19A}.Release|Any CPU.ActiveCfg = Release|Any CPU
		{61AACF36-ACB6-4A2A-800E-93C24C61E19A}.Release|Any CPU.Build.0 = Release|Any CPU
		{C3CD11A1-58C7-40C1-81AF-781D8BF29E16}.Debug|Any CPU.ActiveCfg = Debug|Any CPU
		{C3CD11A1-58C7-40C1-81AF-781D8BF29E16}.Debug|Any CPU.Build.0 = Debug|Any CPU
		{C3CD11A1-58C7-40C1-81AF-781D8BF29E16}.Release|Any CPU.ActiveCfg = Release|Any CPU
		{C3CD11A1-58C7-40C1-81AF-781D8BF29E16}.Release|Any CPU.Build.0 = Release|Any CPU
	EndGlobalSection
	GlobalSection(SolutionProperties) = preSolution
		HideSolutionNode = FALSE
	EndGlobalSection
	GlobalSection(ExtensibilityGlobals) = postSolution
		SolutionGuid = {350BB4FE-8BF7-459F-9E25-C79590FE9AFC}
	EndGlobalSection
EndGlobal
